
Microsoft Visual Studio Solution File, Format Version 12.00
# Visual Studio Version 16
VisualStudioVersion = 16.0.30320.27
MinimumVisualStudioVersion = 10.0.40219.1
Project("{FAE04EC0-301F-11D3-BF4B-00C04F79EFBC}") = "NijiLive", "NijiLive.csproj", "{F50C9E56-0C03-48AD-BCB1-2446DE212CF9}"
EndProject
Global
	GlobalSection(SolutionConfigurationPlatforms) = preSolution
		Debug|Any CPU = Debug|Any CPU
		Release|Any CPU = Release|Any CPU
	EndGlobalSection
	GlobalSection(ProjectConfigurationPlatforms) = postSolution
		{F50C9E56-0C03-48AD-BCB1-2446DE212CF9}.Debug|Any CPU.ActiveCfg = Debug|Any CPU
		{F50C9E56-0C03-48AD-BCB1-2446DE212CF9}.Debug|Any CPU.Build.0 = Debug|Any CPU
		{F50C9E56-0C03-48AD-BCB1-2446DE212CF9}.Release|Any CPU.ActiveCfg = Release|Any CPU
		{F50C9E56-0C03-48AD-BCB1-2446DE212CF9}.Release|Any CPU.Build.0 = Release|Any CPU
	EndGlobalSection
	GlobalSection(SolutionProperties) = preSolution
		HideSolutionNode = FALSE
	EndGlobalSection
	GlobalSection(ExtensibilityGlobals) = postSolution
		SolutionGuid = {1F39D118-DB23-4A31-B705-9D6CDAD34C47}
	EndGlobalSection
EndGlobal
